// !$*UTF8*$!
{
	archiveVersion = 1;
	classes = {
	};
	objectVersion = 48;
	objects = {

/* Begin PBXBuildFile section */
		B53138CE220F5E5C00D0ADF8 /* AppDelegate.swift in Sources */ = {isa = PBXBuildFile; fileRef = B53138CD220F5E5C00D0ADF8 /* AppDelegate.swift */; };
		B53138D0220F5E5C00D0ADF8 /* ViewController.swift in Sources */ = {isa = PBXBuildFile; fileRef = B53138CF220F5E5C00D0ADF8 /* ViewController.swift */; };
		B53138D3220F5E5C00D0ADF8 /* Main.storyboard in Resources */ = {isa = PBXBuildFile; fileRef = B53138D1220F5E5C00D0ADF8 /* Main.storyboard */; };
		B53138D6220F5E5C00D0ADF8 /* hackBU_Rideshare.xcdatamodeld in Sources */ = {isa = PBXBuildFile; fileRef = B53138D4220F5E5C00D0ADF8 /* hackBU_Rideshare.xcdatamodeld */; };
		B53138D8220F5E5C00D0ADF8 /* Assets.xcassets in Resources */ = {isa = PBXBuildFile; fileRef = B53138D7220F5E5C00D0ADF8 /* Assets.xcassets */; };
		B53138DB220F5E5C00D0ADF8 /* LaunchScreen.storyboard in Resources */ = {isa = PBXBuildFile; fileRef = B53138D9220F5E5C00D0ADF8 /* LaunchScreen.storyboard */; };
		B5313907220F6B3D00D0ADF8 /* MapViewController.swift in Sources */ = {isa = PBXBuildFile; fileRef = B5313906220F6B3D00D0ADF8 /* MapViewController.swift */; };
		B5313909220F745300D0ADF8 /* Globals.swift in Sources */ = {isa = PBXBuildFile; fileRef = B5313908220F745300D0ADF8 /* Globals.swift */; };
		B531390D220F8CA000D0ADF8 /* icons8-paper-plane-filled-100.png in Resources */ = {isa = PBXBuildFile; fileRef = B531390B220F8CA000D0ADF8 /* icons8-paper-plane-filled-100.png */; };
		B531390E220F8CA000D0ADF8 /* icons8-lock-100.png in Resources */ = {isa = PBXBuildFile; fileRef = B531390C220F8CA000D0ADF8 /* icons8-lock-100.png */; };
		B5313910220F8EAB00D0ADF8 /* icons8-steering-wheel-filled-100.png in Resources */ = {isa = PBXBuildFile; fileRef = B531390F220F8EAB00D0ADF8 /* icons8-steering-wheel-filled-100.png */; };
		B5416D612210082900F1FE2B /* RideViewController.swift in Sources */ = {isa = PBXBuildFile; fileRef = B5416D602210082900F1FE2B /* RideViewController.swift */; };
		B5416D652210147000F1FE2B /* RideListViewController.swift in Sources */ = {isa = PBXBuildFile; fileRef = B5416D642210147000F1FE2B /* RideListViewController.swift */; };
		B5416D67221025B700F1FE2B /* icons8-garage-filled-100.png in Resources */ = {isa = PBXBuildFile; fileRef = B5416D66221025B600F1FE2B /* icons8-garage-filled-100.png */; };
		B568855722108D9700B2E159 /* icons8-cycling-filled-100.png in Resources */ = {isa = PBXBuildFile; fileRef = B568855622108D9600B2E159 /* icons8-cycling-filled-100.png */; };
		B59AC84B220F93E200F13D1B /* niteride-map.txt in Resources */ = {isa = PBXBuildFile; fileRef = B59AC84A220F93E200F13D1B /* niteride-map.txt */; };
		B59AC84D220F945E00F13D1B /* icons8-marker-100.png in Resources */ = {isa = PBXBuildFile; fileRef = B59AC84C220F945E00F13D1B /* icons8-marker-100.png */; };
		B59AC84F220F95BD00F13D1B /* icons8-region-filled-90.png in Resources */ = {isa = PBXBuildFile; fileRef = B59AC84E220F95BD00F13D1B /* icons8-region-filled-90.png */; };
		B59AC851220F97C800F13D1B /* style.json in Resources */ = {isa = PBXBuildFile; fileRef = B59AC850220F97C800F13D1B /* style.json */; };
		B59AC853220F993D00F13D1B /* icons8-menu-100.png in Resources */ = {isa = PBXBuildFile; fileRef = B59AC852220F993C00F13D1B /* icons8-menu-100.png */; };
		B59AC855220F9FB400F13D1B /* locations.txt in Resources */ = {isa = PBXBuildFile; fileRef = B59AC854220F9FB400F13D1B /* locations.txt */; };
		B59AC857220FA32300F13D1B /* icons8-location-filled-500.png in Resources */ = {isa = PBXBuildFile; fileRef = B59AC856220FA32300F13D1B /* icons8-location-filled-500.png */; };
		B59AC859220FA93300F13D1B /* SignUpViewController.swift in Sources */ = {isa = PBXBuildFile; fileRef = B59AC858220FA93300F13D1B /* SignUpViewController.swift */; };
		B59AC85B220FAD5300F13D1B /* icons8-undo-filled-100.png in Resources */ = {isa = PBXBuildFile; fileRef = B59AC85A220FAD5300F13D1B /* icons8-undo-filled-100.png */; };
		B59AC85D220FB48D00F13D1B /* icons8-map-editing-filled-100.png in Resources */ = {isa = PBXBuildFile; fileRef = B59AC85C220FB48B00F13D1B /* icons8-map-editing-filled-100.png */; };
		B59AC85F220FB49A00F13D1B /* icons8-marker-100.png in Resources */ = {isa = PBXBuildFile; fileRef = B59AC85E220FB49800F13D1B /* icons8-marker-100.png */; };
		B59AC861220FB5FB00F13D1B /* SearchViewController.swift in Sources */ = {isa = PBXBuildFile; fileRef = B59AC860220FB5FB00F13D1B /* SearchViewController.swift */; };
		B59AC867220FC53B00F13D1B /* icons8-convertible-filled-100.png in Resources */ = {isa = PBXBuildFile; fileRef = B59AC866220FC53A00F13D1B /* icons8-convertible-filled-100.png */; };
		B59AC869220FC5B000F13D1B /* icons8-traffic-jam-filled-100.png in Resources */ = {isa = PBXBuildFile; fileRef = B59AC868220FC5B000F13D1B /* icons8-traffic-jam-filled-100.png */; };
		B59AC86B220FD3BB00F13D1B /* SearchCell.swift in Sources */ = {isa = PBXBuildFile; fileRef = B59AC86A220FD3BB00F13D1B /* SearchCell.swift */; };
		B59AC86D220FDA9700F13D1B /* icons8-christmas-star-filled-100.png in Resources */ = {isa = PBXBuildFile; fileRef = B59AC86C220FDA9700F13D1B /* icons8-christmas-star-filled-100.png */; };
		B59AC86F220FFF3F00F13D1B /* icons8-marker-90-2.png in Resources */ = {isa = PBXBuildFile; fileRef = B59AC86E220FFF3E00F13D1B /* icons8-marker-90-2.png */; };
		B59AC871220FFFBD00F13D1B /* icons8-map-pin-90.png in Resources */ = {isa = PBXBuildFile; fileRef = B59AC870220FFFBC00F13D1B /* icons8-map-pin-90.png */; };
		CA33AA8DFA804868FFB995C8 /* Pods_hackBU_Rideshare.framework in Frameworks */ = {isa = PBXBuildFile; fileRef = 22ED6F4BC0CA95283DF42A30 /* Pods_hackBU_Rideshare.framework */; };
/* End PBXBuildFile section */

/* Begin PBXContainerItemProxy section */
		B53138E2220F5E5C00D0ADF8 /* PBXContainerItemProxy */ = {
			isa = PBXContainerItemProxy;
			containerPortal = B53138C2220F5E5C00D0ADF8 /* Project object */;
			proxyType = 1;
			remoteGlobalIDString = B53138C9220F5E5C00D0ADF8;
			remoteInfo = "hackBU-Rideshare";
		};
		B53138ED220F5E5C00D0ADF8 /* PBXContainerItemProxy */ = {
			isa = PBXContainerItemProxy;
			containerPortal = B53138C2220F5E5C00D0ADF8 /* Project object */;
			proxyType = 1;
			remoteGlobalIDString = B53138C9220F5E5C00D0ADF8;
			remoteInfo = "hackBU-Rideshare";
		};
/* End PBXContainerItemProxy section */

/* Begin PBXFileReference section */
		22ED6F4BC0CA95283DF42A30 /* Pods_hackBU_Rideshare.framework */ = {isa = PBXFileReference; explicitFileType = wrapper.framework; includeInIndex = 0; path = Pods_hackBU_Rideshare.framework; sourceTree = BUILT_PRODUCTS_DIR; };
		B0D82280F5E490EB51A130B0 /* Pods-hackBU-Rideshare.release.xcconfig */ = {isa = PBXFileReference; includeInIndex = 1; lastKnownFileType = text.xcconfig; name = "Pods-hackBU-Rideshare.release.xcconfig"; path = "Pods/Target Support Files/Pods-hackBU-Rideshare/Pods-hackBU-Rideshare.release.xcconfig"; sourceTree = "<group>"; };
		B53138CD220F5E5C00D0ADF8 /* AppDelegate.swift */ = {isa = PBXFileReference; lastKnownFileType = sourcecode.swift; path = AppDelegate.swift; sourceTree = "<group>"; };
		B53138CF220F5E5C00D0ADF8 /* ViewController.swift */ = {isa = PBXFileReference; lastKnownFileType = sourcecode.swift; path = ViewController.swift; sourceTree = "<group>"; };
		B53138D2220F5E5C00D0ADF8 /* Base */ = {isa = PBXFileReference; lastKnownFileType = file.storyboard; name = Base; path = Base.lproj/Main.storyboard; sourceTree = "<group>"; };
		B53138D5220F5E5C00D0ADF8 /* hackBU_Rideshare.xcdatamodel */ = {isa = PBXFileReference; lastKnownFileType = wrapper.xcdatamodel; path = hackBU_Rideshare.xcdatamodel; sourceTree = "<group>"; };
		B53138D7220F5E5C00D0ADF8 /* Assets.xcassets */ = {isa = PBXFileReference; lastKnownFileType = folder.assetcatalog; path = Assets.xcassets; sourceTree = "<group>"; };
		B53138DA220F5E5C00D0ADF8 /* Base */ = {isa = PBXFileReference; lastKnownFileType = file.storyboard; name = Base; path = Base.lproj/LaunchScreen.storyboard; sourceTree = "<group>"; };
		B53138DC220F5E5C00D0ADF8 /* Info.plist */ = {isa = PBXFileReference; lastKnownFileType = text.plist.xml; path = Info.plist; sourceTree = "<group>"; };
		B5313904220F675700D0ADF8 /* hackBU-Rideshare.app */ = {isa = PBXFileReference; explicitFileType = wrapper.application; includeInIndex = 0; path = "hackBU-Rideshare.app"; sourceTree = BUILT_PRODUCTS_DIR; };
		B5313906220F6B3D00D0ADF8 /* MapViewController.swift */ = {isa = PBXFileReference; lastKnownFileType = sourcecode.swift; path = MapViewController.swift; sourceTree = "<group>"; };
		B5313908220F745300D0ADF8 /* Globals.swift */ = {isa = PBXFileReference; lastKnownFileType = sourcecode.swift; path = Globals.swift; sourceTree = "<group>"; };
		B531390B220F8CA000D0ADF8 /* icons8-paper-plane-filled-100.png */ = {isa = PBXFileReference; lastKnownFileType = image.png; path = "icons8-paper-plane-filled-100.png"; sourceTree = "<group>"; };
		B531390C220F8CA000D0ADF8 /* icons8-lock-100.png */ = {isa = PBXFileReference; lastKnownFileType = image.png; path = "icons8-lock-100.png"; sourceTree = "<group>"; };
		B531390F220F8EAB00D0ADF8 /* icons8-steering-wheel-filled-100.png */ = {isa = PBXFileReference; lastKnownFileType = image.png; path = "icons8-steering-wheel-filled-100.png"; sourceTree = "<group>"; };
		B5416D602210082900F1FE2B /* RideViewController.swift */ = {isa = PBXFileReference; lastKnownFileType = sourcecode.swift; path = RideViewController.swift; sourceTree = "<group>"; };
		B5416D6222100C4C00F1FE2B /* hackBU-RideshareTests.xctest */ = {isa = PBXFileReference; explicitFileType = wrapper.cfbundle; includeInIndex = 0; path = "hackBU-RideshareTests.xctest"; sourceTree = BUILT_PRODUCTS_DIR; };
		B5416D6322100C4C00F1FE2B /* hackBU-RideshareUITests.xctest */ = {isa = PBXFileReference; explicitFileType = wrapper.cfbundle; includeInIndex = 0; path = "hackBU-RideshareUITests.xctest"; sourceTree = BUILT_PRODUCTS_DIR; };
		B5416D642210147000F1FE2B /* RideListViewController.swift */ = {isa = PBXFileReference; lastKnownFileType = sourcecode.swift; path = RideListViewController.swift; sourceTree = "<group>"; };
		B5416D66221025B600F1FE2B /* icons8-garage-filled-100.png */ = {isa = PBXFileReference; lastKnownFileType = image.png; path = "icons8-garage-filled-100.png"; sourceTree = "<group>"; };
		B568855622108D9600B2E159 /* icons8-cycling-filled-100.png */ = {isa = PBXFileReference; lastKnownFileType = image.png; path = "icons8-cycling-filled-100.png"; sourceTree = "<group>"; };
		B59AC84A220F93E200F13D1B /* niteride-map.txt */ = {isa = PBXFileReference; fileEncoding = 4; lastKnownFileType = text; path = "niteride-map.txt"; sourceTree = "<group>"; };
		B59AC84C220F945E00F13D1B /* icons8-marker-100.png */ = {isa = PBXFileReference; lastKnownFileType = image.png; path = "icons8-marker-100.png"; sourceTree = "<group>"; };
		B59AC84E220F95BD00F13D1B /* icons8-region-filled-90.png */ = {isa = PBXFileReference; lastKnownFileType = image.png; path = "icons8-region-filled-90.png"; sourceTree = "<group>"; };
		B59AC850220F97C800F13D1B /* style.json */ = {isa = PBXFileReference; lastKnownFileType = text.json; path = style.json; sourceTree = "<group>"; };
		B59AC852220F993C00F13D1B /* icons8-menu-100.png */ = {isa = PBXFileReference; lastKnownFileType = image.png; path = "icons8-menu-100.png"; sourceTree = "<group>"; };
		B59AC854220F9FB400F13D1B /* locations.txt */ = {isa = PBXFileReference; lastKnownFileType = text; path = locations.txt; sourceTree = "<group>"; };
		B59AC856220FA32300F13D1B /* icons8-location-filled-500.png */ = {isa = PBXFileReference; lastKnownFileType = image.png; path = "icons8-location-filled-500.png"; sourceTree = "<group>"; };
		B59AC858220FA93300F13D1B /* SignUpViewController.swift */ = {isa = PBXFileReference; lastKnownFileType = sourcecode.swift; path = SignUpViewController.swift; sourceTree = "<group>"; };
		B59AC85A220FAD5300F13D1B /* icons8-undo-filled-100.png */ = {isa = PBXFileReference; lastKnownFileType = image.png; path = "icons8-undo-filled-100.png"; sourceTree = "<group>"; };
		B59AC85C220FB48B00F13D1B /* icons8-map-editing-filled-100.png */ = {isa = PBXFileReference; lastKnownFileType = image.png; path = "icons8-map-editing-filled-100.png"; sourceTree = "<group>"; };
		B59AC85E220FB49800F13D1B /* icons8-marker-100.png */ = {isa = PBXFileReference; lastKnownFileType = image.png; name = "icons8-marker-100.png"; path = "../../../../Downloads/icons8-marker-100.png"; sourceTree = "<group>"; };
		B59AC860220FB5FB00F13D1B /* SearchViewController.swift */ = {isa = PBXFileReference; lastKnownFileType = sourcecode.swift; path = SearchViewController.swift; sourceTree = "<group>"; };
		B59AC866220FC53A00F13D1B /* icons8-convertible-filled-100.png */ = {isa = PBXFileReference; lastKnownFileType = image.png; path = "icons8-convertible-filled-100.png"; sourceTree = "<group>"; };
		B59AC868220FC5B000F13D1B /* icons8-traffic-jam-filled-100.png */ = {isa = PBXFileReference; lastKnownFileType = image.png; path = "icons8-traffic-jam-filled-100.png"; sourceTree = "<group>"; };
		B59AC86A220FD3BB00F13D1B /* SearchCell.swift */ = {isa = PBXFileReference; lastKnownFileType = sourcecode.swift; path = SearchCell.swift; sourceTree = "<group>"; };
		B59AC86C220FDA9700F13D1B /* icons8-christmas-star-filled-100.png */ = {isa = PBXFileReference; lastKnownFileType = image.png; path = "icons8-christmas-star-filled-100.png"; sourceTree = "<group>"; };
		B59AC86E220FFF3E00F13D1B /* icons8-marker-90-2.png */ = {isa = PBXFileReference; lastKnownFileType = image.png; path = "icons8-marker-90-2.png"; sourceTree = "<group>"; };
		B59AC870220FFFBC00F13D1B /* icons8-map-pin-90.png */ = {isa = PBXFileReference; lastKnownFileType = image.png; path = "icons8-map-pin-90.png"; sourceTree = "<group>"; };
		BED7FCFE3D64FA39DA27299C /* Pods-hackBU-Rideshare.debug.xcconfig */ = {isa = PBXFileReference; includeInIndex = 1; lastKnownFileType = text.xcconfig; name = "Pods-hackBU-Rideshare.debug.xcconfig"; path = "Pods/Target Support Files/Pods-hackBU-Rideshare/Pods-hackBU-Rideshare.debug.xcconfig"; sourceTree = "<group>"; };
/* End PBXFileReference section */

/* Begin PBXFrameworksBuildPhase section */
		B53138C7220F5E5C00D0ADF8 /* Frameworks */ = {
			isa = PBXFrameworksBuildPhase;
			buildActionMask = 2147483647;
			files = (
				CA33AA8DFA804868FFB995C8 /* Pods_hackBU_Rideshare.framework in Frameworks */,
			);
			runOnlyForDeploymentPostprocessing = 0;
		};
		B53138DE220F5E5C00D0ADF8 /* Frameworks */ = {
			isa = PBXFrameworksBuildPhase;
			buildActionMask = 2147483647;
			files = (
			);
			runOnlyForDeploymentPostprocessing = 0;
		};
		B53138E9220F5E5C00D0ADF8 /* Frameworks */ = {
			isa = PBXFrameworksBuildPhase;
			buildActionMask = 2147483647;
			files = (
			);
			runOnlyForDeploymentPostprocessing = 0;
		};
/* End PBXFrameworksBuildPhase section */

/* Begin PBXGroup section */
		001CD3FA1BCF6F3EFBE9CECE /* Pods */ = {
			isa = PBXGroup;
			children = (
				BED7FCFE3D64FA39DA27299C /* Pods-hackBU-Rideshare.debug.xcconfig */,
				B0D82280F5E490EB51A130B0 /* Pods-hackBU-Rideshare.release.xcconfig */,
			);
			name = Pods;
			sourceTree = "<group>";
		};
		4EBB17477ED231144F6D995E /* Frameworks */ = {
			isa = PBXGroup;
			children = (
				22ED6F4BC0CA95283DF42A30 /* Pods_hackBU_Rideshare.framework */,
			);
			name = Frameworks;
			sourceTree = "<group>";
		};
		B53138C1220F5E5C00D0ADF8 = {
			isa = PBXGroup;
			children = (
				B53138CC220F5E5C00D0ADF8 /* hackBU-Rideshare */,
				001CD3FA1BCF6F3EFBE9CECE /* Pods */,
				4EBB17477ED231144F6D995E /* Frameworks */,
				B5313904220F675700D0ADF8 /* hackBU-Rideshare.app */,
				B5416D6222100C4C00F1FE2B /* hackBU-RideshareTests.xctest */,
				B5416D6322100C4C00F1FE2B /* hackBU-RideshareUITests.xctest */,
			);
			sourceTree = "<group>";
		};
		B53138CC220F5E5C00D0ADF8 /* hackBU-Rideshare */ = {
			isa = PBXGroup;
			children = (
				B59AC84A220F93E200F13D1B /* niteride-map.txt */,
				B531390A220F8C8500D0ADF8 /* images */,
				B5313905220F68BC00D0ADF8 /* ViewControllers */,
				B53138CD220F5E5C00D0ADF8 /* AppDelegate.swift */,
				B53138D1220F5E5C00D0ADF8 /* Main.storyboard */,
				B53138D7220F5E5C00D0ADF8 /* Assets.xcassets */,
				B53138D9220F5E5C00D0ADF8 /* LaunchScreen.storyboard */,
				B53138DC220F5E5C00D0ADF8 /* Info.plist */,
				B53138D4220F5E5C00D0ADF8 /* hackBU_Rideshare.xcdatamodeld */,
				B5313908220F745300D0ADF8 /* Globals.swift */,
				B59AC850220F97C800F13D1B /* style.json */,
				B59AC854220F9FB400F13D1B /* locations.txt */,
				B59AC86A220FD3BB00F13D1B /* SearchCell.swift */,
			);
			path = "hackBU-Rideshare";
			sourceTree = "<group>";
		};
		B5313905220F68BC00D0ADF8 /* ViewControllers */ = {
			isa = PBXGroup;
			children = (
				B53138CF220F5E5C00D0ADF8 /* ViewController.swift */,
				B5313906220F6B3D00D0ADF8 /* MapViewController.swift */,
				B59AC858220FA93300F13D1B /* SignUpViewController.swift */,
				B59AC860220FB5FB00F13D1B /* SearchViewController.swift */,
				B5416D602210082900F1FE2B /* RideViewController.swift */,
				B5416D642210147000F1FE2B /* RideListViewController.swift */,
			);
			path = ViewControllers;
			sourceTree = "<group>";
		};
		B531390A220F8C8500D0ADF8 /* images */ = {
			isa = PBXGroup;
			children = (
				B568855622108D9600B2E159 /* icons8-cycling-filled-100.png */,
				B5416D66221025B600F1FE2B /* icons8-garage-filled-100.png */,
				B59AC870220FFFBC00F13D1B /* icons8-map-pin-90.png */,
				B59AC86E220FFF3E00F13D1B /* icons8-marker-90-2.png */,
				B59AC86C220FDA9700F13D1B /* icons8-christmas-star-filled-100.png */,
				B59AC868220FC5B000F13D1B /* icons8-traffic-jam-filled-100.png */,
				B59AC866220FC53A00F13D1B /* icons8-convertible-filled-100.png */,
				B59AC85E220FB49800F13D1B /* icons8-marker-100.png */,
				B59AC85C220FB48B00F13D1B /* icons8-map-editing-filled-100.png */,
				B59AC85A220FAD5300F13D1B /* icons8-undo-filled-100.png */,
				B59AC856220FA32300F13D1B /* icons8-location-filled-500.png */,
				B59AC852220F993C00F13D1B /* icons8-menu-100.png */,
				B59AC84E220F95BD00F13D1B /* icons8-region-filled-90.png */,
				B59AC84C220F945E00F13D1B /* icons8-marker-100.png */,
				B531390F220F8EAB00D0ADF8 /* icons8-steering-wheel-filled-100.png */,
				B531390C220F8CA000D0ADF8 /* icons8-lock-100.png */,
				B531390B220F8CA000D0ADF8 /* icons8-paper-plane-filled-100.png */,
			);
			path = images;
			sourceTree = "<group>";
		};
/* End PBXGroup section */

/* Begin PBXNativeTarget section */
		B53138C9220F5E5C00D0ADF8 /* hackBU-Rideshare */ = {
			isa = PBXNativeTarget;
			buildConfigurationList = B53138F5220F5E5C00D0ADF8 /* Build configuration list for PBXNativeTarget "hackBU-Rideshare" */;
			buildPhases = (
				2B555F428FA11BD42220CC56 /* [CP] Check Pods Manifest.lock */,
				B53138C6220F5E5C00D0ADF8 /* Sources */,
				B53138C7220F5E5C00D0ADF8 /* Frameworks */,
				B53138C8220F5E5C00D0ADF8 /* Resources */,
				5A49263D03A2528D7E82DD52 /* [CP] Embed Pods Frameworks */,
				86322478E41A79FB7D2FCD7A /* [CP] Copy Pods Resources */,
			);
			buildRules = (
			);
			dependencies = (
			);
			name = "hackBU-Rideshare";
			productName = "hackBU-Rideshare";
			productReference = B5313904220F675700D0ADF8 /* hackBU-Rideshare.app */;
			productType = "com.apple.product-type.application";
		};
		B53138E0220F5E5C00D0ADF8 /* hackBU-RideshareTests */ = {
			isa = PBXNativeTarget;
			buildConfigurationList = B53138F8220F5E5C00D0ADF8 /* Build configuration list for PBXNativeTarget "hackBU-RideshareTests" */;
			buildPhases = (
				B53138DD220F5E5C00D0ADF8 /* Sources */,
				B53138DE220F5E5C00D0ADF8 /* Frameworks */,
				B53138DF220F5E5C00D0ADF8 /* Resources */,
			);
			buildRules = (
			);
			dependencies = (
				B53138E3220F5E5C00D0ADF8 /* PBXTargetDependency */,
			);
			name = "hackBU-RideshareTests";
			productName = "hackBU-RideshareTests";
			productReference = B5416D6222100C4C00F1FE2B /* hackBU-RideshareTests.xctest */;
			productType = "com.apple.product-type.bundle.unit-test";
		};
		B53138EB220F5E5C00D0ADF8 /* hackBU-RideshareUITests */ = {
			isa = PBXNativeTarget;
			buildConfigurationList = B53138FB220F5E5C00D0ADF8 /* Build configuration list for PBXNativeTarget "hackBU-RideshareUITests" */;
			buildPhases = (
				B53138E8220F5E5C00D0ADF8 /* Sources */,
				B53138E9220F5E5C00D0ADF8 /* Frameworks */,
				B53138EA220F5E5C00D0ADF8 /* Resources */,
			);
			buildRules = (
			);
			dependencies = (
				B53138EE220F5E5C00D0ADF8 /* PBXTargetDependency */,
			);
			name = "hackBU-RideshareUITests";
			productName = "hackBU-RideshareUITests";
			productReference = B5416D6322100C4C00F1FE2B /* hackBU-RideshareUITests.xctest */;
			productType = "com.apple.product-type.bundle.ui-testing";
		};
/* End PBXNativeTarget section */

/* Begin PBXProject section */
		B53138C2220F5E5C00D0ADF8 /* Project object */ = {
			isa = PBXProject;
			attributes = {
				LastSwiftUpdateCheck = 0920;
				LastUpgradeCheck = 0920;
				ORGANIZATIONNAME = "Matthew Reid";
				TargetAttributes = {
					B53138C9220F5E5C00D0ADF8 = {
						CreatedOnToolsVersion = 9.2;
						ProvisioningStyle = Automatic;
					};
					B53138E0220F5E5C00D0ADF8 = {
						CreatedOnToolsVersion = 9.2;
						ProvisioningStyle = Automatic;
						TestTargetID = B53138C9220F5E5C00D0ADF8;
					};
					B53138EB220F5E5C00D0ADF8 = {
						CreatedOnToolsVersion = 9.2;
						ProvisioningStyle = Automatic;
						TestTargetID = B53138C9220F5E5C00D0ADF8;
					};
				};
			};
			buildConfigurationList = B53138C5220F5E5C00D0ADF8 /* Build configuration list for PBXProject "hackBU-Rideshare" */;
			compatibilityVersion = "Xcode 8.0";
			developmentRegion = en;
			hasScannedForEncodings = 0;
			knownRegions = (
				en,
				Base,
			);
			mainGroup = B53138C1220F5E5C00D0ADF8;
			productRefGroup = B53138C1220F5E5C00D0ADF8;
			projectDirPath = "";
			projectRoot = "";
			targets = (
				B53138C9220F5E5C00D0ADF8 /* hackBU-Rideshare */,
				B53138E0220F5E5C00D0ADF8 /* hackBU-RideshareTests */,
				B53138EB220F5E5C00D0ADF8 /* hackBU-RideshareUITests */,
			);
		};
/* End PBXProject section */

/* Begin PBXResourcesBuildPhase section */
		B53138C8220F5E5C00D0ADF8 /* Resources */ = {
			isa = PBXResourcesBuildPhase;
			buildActionMask = 2147483647;
			files = (
				B59AC871220FFFBD00F13D1B /* icons8-map-pin-90.png in Resources */,
				B53138DB220F5E5C00D0ADF8 /* LaunchScreen.storyboard in Resources */,
				B59AC84D220F945E00F13D1B /* icons8-marker-100.png in Resources */,
				B59AC84B220F93E200F13D1B /* niteride-map.txt in Resources */,
				B59AC857220FA32300F13D1B /* icons8-location-filled-500.png in Resources */,
				B59AC851220F97C800F13D1B /* style.json in Resources */,
				B568855722108D9700B2E159 /* icons8-cycling-filled-100.png in Resources */,
				B59AC85B220FAD5300F13D1B /* icons8-undo-filled-100.png in Resources */,
				B59AC84F220F95BD00F13D1B /* icons8-region-filled-90.png in Resources */,
				B53138D8220F5E5C00D0ADF8 /* Assets.xcassets in Resources */,
				B59AC867220FC53B00F13D1B /* icons8-convertible-filled-100.png in Resources */,
				B59AC86F220FFF3F00F13D1B /* icons8-marker-90-2.png in Resources */,
				B59AC85D220FB48D00F13D1B /* icons8-map-editing-filled-100.png in Resources */,
				B59AC85F220FB49A00F13D1B /* icons8-marker-100.png in Resources */,
				B5313910220F8EAB00D0ADF8 /* icons8-steering-wheel-filled-100.png in Resources */,
				B59AC869220FC5B000F13D1B /* icons8-traffic-jam-filled-100.png in Resources */,
				B59AC855220F9FB400F13D1B /* locations.txt in Resources */,
				B59AC853220F993D00F13D1B /* icons8-menu-100.png in Resources */,
				B531390E220F8CA000D0ADF8 /* icons8-lock-100.png in Resources */,
				B5416D67221025B700F1FE2B /* icons8-garage-filled-100.png in Resources */,
				B53138D3220F5E5C00D0ADF8 /* Main.storyboard in Resources */,
				B531390D220F8CA000D0ADF8 /* icons8-paper-plane-filled-100.png in Resources */,
				B59AC86D220FDA9700F13D1B /* icons8-christmas-star-filled-100.png in Resources */,
			);
			runOnlyForDeploymentPostprocessing = 0;
		};
		B53138DF220F5E5C00D0ADF8 /* Resources */ = {
			isa = PBXResourcesBuildPhase;
			buildActionMask = 2147483647;
			files = (
			);
			runOnlyForDeploymentPostprocessing = 0;
		};
		B53138EA220F5E5C00D0ADF8 /* Resources */ = {
			isa = PBXResourcesBuildPhase;
			buildActionMask = 2147483647;
			files = (
			);
			runOnlyForDeploymentPostprocessing = 0;
		};
/* End PBXResourcesBuildPhase section */

/* Begin PBXShellScriptBuildPhase section */
		2B555F428FA11BD42220CC56 /* [CP] Check Pods Manifest.lock */ = {
			isa = PBXShellScriptBuildPhase;
			buildActionMask = 2147483647;
			files = (
			);
			inputPaths = (
				"${PODS_PODFILE_DIR_PATH}/Podfile.lock",
				"${PODS_ROOT}/Manifest.lock",
			);
			name = "[CP] Check Pods Manifest.lock";
			outputPaths = (
				"$(DERIVED_FILE_DIR)/Pods-hackBU-Rideshare-checkManifestLockResult.txt",
			);
			runOnlyForDeploymentPostprocessing = 0;
			shellPath = /bin/sh;
			shellScript = "diff \"${PODS_PODFILE_DIR_PATH}/Podfile.lock\" \"${PODS_ROOT}/Manifest.lock\" > /dev/null\nif [ $? != 0 ] ; then\n    # print error to STDERR\n    echo \"error: The sandbox is not in sync with the Podfile.lock. Run 'pod install' or update your CocoaPods installation.\" >&2\n    exit 1\nfi\n# This output is used by Xcode 'outputs' to avoid re-running this script phase.\necho \"SUCCESS\" > \"${SCRIPT_OUTPUT_FILE_0}\"\n";
			showEnvVarsInLog = 0;
		};
		5A49263D03A2528D7E82DD52 /* [CP] Embed Pods Frameworks */ = {
			isa = PBXShellScriptBuildPhase;
			buildActionMask = 2147483647;
			files = (
			);
			inputPaths = (
				"${SRCROOT}/Pods/Target Support Files/Pods-hackBU-Rideshare/Pods-hackBU-Rideshare-frameworks.sh",
				"${BUILT_PRODUCTS_DIR}/Alamofire/Alamofire.framework",
			);
			name = "[CP] Embed Pods Frameworks";
			outputPaths = (
				"${TARGET_BUILD_DIR}/${FRAMEWORKS_FOLDER_PATH}/Alamofire.framework",
			);
			runOnlyForDeploymentPostprocessing = 0;
			shellPath = /bin/sh;
			shellScript = "\"${SRCROOT}/Pods/Target Support Files/Pods-hackBU-Rideshare/Pods-hackBU-Rideshare-frameworks.sh\"\n";
			showEnvVarsInLog = 0;
		};
		86322478E41A79FB7D2FCD7A /* [CP] Copy Pods Resources */ = {
			isa = PBXShellScriptBuildPhase;
			buildActionMask = 2147483647;
			files = (
			);
			inputPaths = (
			);
			name = "[CP] Copy Pods Resources";
			outputPaths = (
			);
			runOnlyForDeploymentPostprocessing = 0;
			shellPath = /bin/sh;
			shellScript = "\"${SRCROOT}/Pods/Target Support Files/Pods-hackBU-Rideshare/Pods-hackBU-Rideshare-resources.sh\"\n";
			showEnvVarsInLog = 0;
		};
/* End PBXShellScriptBuildPhase section */

/* Begin PBXSourcesBuildPhase section */
		B53138C6220F5E5C00D0ADF8 /* Sources */ = {
			isa = PBXSourcesBuildPhase;
			buildActionMask = 2147483647;
			files = (
				B5416D652210147000F1FE2B /* RideListViewController.swift in Sources */,
				B59AC859220FA93300F13D1B /* SignUpViewController.swift in Sources */,
				B59AC86B220FD3BB00F13D1B /* SearchCell.swift in Sources */,
				B59AC861220FB5FB00F13D1B /* SearchViewController.swift in Sources */,
				B53138D6220F5E5C00D0ADF8 /* hackBU_Rideshare.xcdatamodeld in Sources */,
				B53138D0220F5E5C00D0ADF8 /* ViewController.swift in Sources */,
				B53138CE220F5E5C00D0ADF8 /* AppDelegate.swift in Sources */,
				B5313909220F745300D0ADF8 /* Globals.swift in Sources */,
				B5313907220F6B3D00D0ADF8 /* MapViewController.swift in Sources */,
				B5416D612210082900F1FE2B /* RideViewController.swift in Sources */,
			);
			runOnlyForDeploymentPostprocessing = 0;
		};
		B53138DD220F5E5C00D0ADF8 /* Sources */ = {
			isa = PBXSourcesBuildPhase;
			buildActionMask = 2147483647;
			files = (
			);
			runOnlyForDeploymentPostprocessing = 0;
		};
		B53138E8220F5E5C00D0ADF8 /* Sources */ = {
			isa = PBXSourcesBuildPhase;
			buildActionMask = 2147483647;
			files = (
			);
			runOnlyForDeploymentPostprocessing = 0;
		};
/* End PBXSourcesBuildPhase section */

/* Begin PBXTargetDependency section */
		B53138E3220F5E5C00D0ADF8 /* PBXTargetDependency */ = {
			isa = PBXTargetDependency;
			target = B53138C9220F5E5C00D0ADF8 /* hackBU-Rideshare */;
			targetProxy = B53138E2220F5E5C00D0ADF8 /* PBXContainerItemProxy */;
		};
		B53138EE220F5E5C00D0ADF8 /* PBXTargetDependency */ = {
			isa = PBXTargetDependency;
			target = B53138C9220F5E5C00D0ADF8 /* hackBU-Rideshare */;
			targetProxy = B53138ED220F5E5C00D0ADF8 /* PBXContainerItemProxy */;
		};
/* End PBXTargetDependency section */

/* Begin PBXVariantGroup section */
		B53138D1220F5E5C00D0ADF8 /* Main.storyboard */ = {
			isa = PBXVariantGroup;
			children = (
				B53138D2220F5E5C00D0ADF8 /* Base */,
			);
			name = Main.storyboard;
			sourceTree = "<group>";
		};
		B53138D9220F5E5C00D0ADF8 /* LaunchScreen.storyboard */ = {
			isa = PBXVariantGroup;
			children = (
				B53138DA220F5E5C00D0ADF8 /* Base */,
			);
			name = LaunchScreen.storyboard;
			sourceTree = "<group>";
		};
/* End PBXVariantGroup section */

/* Begin XCBuildConfiguration section */
		B53138F3220F5E5C00D0ADF8 /* Debug */ = {
			isa = XCBuildConfiguration;
			buildSettings = {
				ALWAYS_SEARCH_USER_PATHS = NO;
				CLANG_ANALYZER_NONNULL = YES;
				CLANG_ANALYZER_NUMBER_OBJECT_CONVERSION = YES_AGGRESSIVE;
				CLANG_CXX_LANGUAGE_STANDARD = "gnu++14";
				CLANG_CXX_LIBRARY = "libc++";
				CLANG_ENABLE_MODULES = YES;
				CLANG_ENABLE_OBJC_ARC = YES;
				CLANG_WARN_BLOCK_CAPTURE_AUTORELEASING = YES;
				CLANG_WARN_BOOL_CONVERSION = YES;
				CLANG_WARN_COMMA = YES;
				CLANG_WARN_CONSTANT_CONVERSION = YES;
				CLANG_WARN_DIRECT_OBJC_ISA_USAGE = YES_ERROR;
				CLANG_WARN_DOCUMENTATION_COMMENTS = YES;
				CLANG_WARN_EMPTY_BODY = YES;
				CLANG_WARN_ENUM_CONVERSION = YES;
				CLANG_WARN_INFINITE_RECURSION = YES;
				CLANG_WARN_INT_CONVERSION = YES;
				CLANG_WARN_NON_LITERAL_NULL_CONVERSION = YES;
				CLANG_WARN_OBJC_LITERAL_CONVERSION = YES;
				CLANG_WARN_OBJC_ROOT_CLASS = YES_ERROR;
				CLANG_WARN_RANGE_LOOP_ANALYSIS = YES;
				CLANG_WARN_STRICT_PROTOTYPES = YES;
				CLANG_WARN_SUSPICIOUS_MOVE = YES;
				CLANG_WARN_UNGUARDED_AVAILABILITY = YES_AGGRESSIVE;
				CLANG_WARN_UNREACHABLE_CODE = YES;
				CLANG_WARN__DUPLICATE_METHOD_MATCH = YES;
				CODE_SIGN_IDENTITY = "iPhone Developer";
				COPY_PHASE_STRIP = NO;
				DEBUG_INFORMATION_FORMAT = dwarf;
				ENABLE_STRICT_OBJC_MSGSEND = YES;
				ENABLE_TESTABILITY = YES;
				GCC_C_LANGUAGE_STANDARD = gnu11;
				GCC_DYNAMIC_NO_PIC = NO;
				GCC_NO_COMMON_BLOCKS = YES;
				GCC_OPTIMIZATION_LEVEL = 0;
				GCC_PREPROCESSOR_DEFINITIONS = (
					"DEBUG=1",
					"$(inherited)",
				);
				GCC_WARN_64_TO_32_BIT_CONVERSION = YES;
				GCC_WARN_ABOUT_RETURN_TYPE = YES_ERROR;
				GCC_WARN_UNDECLARED_SELECTOR = YES;
				GCC_WARN_UNINITIALIZED_AUTOS = YES_AGGRESSIVE;
				GCC_WARN_UNUSED_FUNCTION = YES;
				GCC_WARN_UNUSED_VARIABLE = YES;
				IPHONEOS_DEPLOYMENT_TARGET = 11.2;
				MTL_ENABLE_DEBUG_INFO = YES;
				ONLY_ACTIVE_ARCH = YES;
				SDKROOT = iphoneos;
				SWIFT_ACTIVE_COMPILATION_CONDITIONS = DEBUG;
				SWIFT_OPTIMIZATION_LEVEL = "-Onone";
			};
			name = Debug;
		};
		B53138F4220F5E5C00D0ADF8 /* Release */ = {
			isa = XCBuildConfiguration;
			buildSettings = {
				ALWAYS_SEARCH_USER_PATHS = NO;
				CLANG_ANALYZER_NONNULL = YES;
				CLANG_ANALYZER_NUMBER_OBJECT_CONVERSION = YES_AGGRESSIVE;
				CLANG_CXX_LANGUAGE_STANDARD = "gnu++14";
				CLANG_CXX_LIBRARY = "libc++";
				CLANG_ENABLE_MODULES = YES;
				CLANG_ENABLE_OBJC_ARC = YES;
				CLANG_WARN_BLOCK_CAPTURE_AUTORELEASING = YES;
				CLANG_WARN_BOOL_CONVERSION = YES;
				CLANG_WARN_COMMA = YES;
				CLANG_WARN_CONSTANT_CONVERSION = YES;
				CLANG_WARN_DIRECT_OBJC_ISA_USAGE = YES_ERROR;
				CLANG_WARN_DOCUMENTATION_COMMENTS = YES;
				CLANG_WARN_EMPTY_BODY = YES;
				CLANG_WARN_ENUM_CONVERSION = YES;
				CLANG_WARN_INFINITE_RECURSION = YES;
				CLANG_WARN_INT_CONVERSION = YES;
				CLANG_WARN_NON_LITERAL_NULL_CONVERSION = YES;
				CLANG_WARN_OBJC_LITERAL_CONVERSION = YES;
				CLANG_WARN_OBJC_ROOT_CLASS = YES_ERROR;
				CLANG_WARN_RANGE_LOOP_ANALYSIS = YES;
				CLANG_WARN_STRICT_PROTOTYPES = YES;
				CLANG_WARN_SUSPICIOUS_MOVE = YES;
				CLANG_WARN_UNGUARDED_AVAILABILITY = YES_AGGRESSIVE;
				CLANG_WARN_UNREACHABLE_CODE = YES;
				CLANG_WARN__DUPLICATE_METHOD_MATCH = YES;
				CODE_SIGN_IDENTITY = "iPhone Developer";
				COPY_PHASE_STRIP = NO;
				DEBUG_INFORMATION_FORMAT = "dwarf-with-dsym";
				ENABLE_NS_ASSERTIONS = NO;
				ENABLE_STRICT_OBJC_MSGSEND = YES;
				GCC_C_LANGUAGE_STANDARD = gnu11;
				GCC_NO_COMMON_BLOCKS = YES;
				GCC_WARN_64_TO_32_BIT_CONVERSION = YES;
				GCC_WARN_ABOUT_RETURN_TYPE = YES_ERROR;
				GCC_WARN_UNDECLARED_SELECTOR = YES;
				GCC_WARN_UNINITIALIZED_AUTOS = YES_AGGRESSIVE;
				GCC_WARN_UNUSED_FUNCTION = YES;
				GCC_WARN_UNUSED_VARIABLE = YES;
				IPHONEOS_DEPLOYMENT_TARGET = 11.2;
				MTL_ENABLE_DEBUG_INFO = NO;
				SDKROOT = iphoneos;
				SWIFT_OPTIMIZATION_LEVEL = "-Owholemodule";
				VALIDATE_PRODUCT = YES;
			};
			name = Release;
		};
		B53138F6220F5E5C00D0ADF8 /* Debug */ = {
			isa = XCBuildConfiguration;
			baseConfigurationReference = BED7FCFE3D64FA39DA27299C /* Pods-hackBU-Rideshare.debug.xcconfig */;
			buildSettings = {
				ASSETCATALOG_COMPILER_APPICON_NAME = AppIcon;
				CODE_SIGN_STYLE = Automatic;
				DEVELOPMENT_TEAM = 6F6K8B7R5J;
				INFOPLIST_FILE = "hackBU-Rideshare/Info.plist";
				LD_RUNPATH_SEARCH_PATHS = "$(inherited) @executable_path/Frameworks";
				PRODUCT_BUNDLE_IDENTIFIER = "com.dreim.hackBU-Rideshare";
				PRODUCT_NAME = "$(TARGET_NAME)";
				SWIFT_VERSION = 4.0;
				TARGETED_DEVICE_FAMILY = "1,2";
			};
			name = Debug;
		};
		B53138F7220F5E5C00D0ADF8 /* Release */ = {
			isa = XCBuildConfiguration;
			baseConfigurationReference = B0D82280F5E490EB51A130B0 /* Pods-hackBU-Rideshare.release.xcconfig */;
			buildSettings = {
				ASSETCATALOG_COMPILER_APPICON_NAME = AppIcon;
				CODE_SIGN_STYLE = Automatic;
				DEVELOPMENT_TEAM = 6F6K8B7R5J;
				INFOPLIST_FILE = "hackBU-Rideshare/Info.plist";
				LD_RUNPATH_SEARCH_PATHS = "$(inherited) @executable_path/Frameworks";
				PRODUCT_BUNDLE_IDENTIFIER = "com.dreim.hackBU-Rideshare";
				PRODUCT_NAME = "$(TARGET_NAME)";
				SWIFT_VERSION = 4.0;
				TARGETED_DEVICE_FAMILY = "1,2";
			};
			name = Release;
		};
		B53138F9220F5E5C00D0ADF8 /* Debug */ = {
			isa = XCBuildConfiguration;
			buildSettings = {
				ALWAYS_EMBED_SWIFT_STANDARD_LIBRARIES = YES;
				BUNDLE_LOADER = "$(TEST_HOST)";
				CODE_SIGN_STYLE = Automatic;
				DEVELOPMENT_TEAM = 6F6K8B7R5J;
				INFOPLIST_FILE = "hackBU-RideshareTests/Info.plist";
				LD_RUNPATH_SEARCH_PATHS = "$(inherited) @executable_path/Frameworks @loader_path/Frameworks";
				PRODUCT_BUNDLE_IDENTIFIER = "com.dreim.hackBU-RideshareTests";
				PRODUCT_NAME = "$(TARGET_NAME)";
				SWIFT_VERSION = 4.0;
				TARGETED_DEVICE_FAMILY = "1,2";
				TEST_HOST = "$(BUILT_PRODUCTS_DIR)/hackBU-Rideshare.app/hackBU-Rideshare";
			};
			name = Debug;
		};
		B53138FA220F5E5C00D0ADF8 /* Release */ = {
			isa = XCBuildConfiguration;
			buildSettings = {
				ALWAYS_EMBED_SWIFT_STANDARD_LIBRARIES = YES;
				BUNDLE_LOADER = "$(TEST_HOST)";
				CODE_SIGN_STYLE = Automatic;
				DEVELOPMENT_TEAM = 6F6K8B7R5J;
				INFOPLIST_FILE = "hackBU-RideshareTests/Info.plist";
				LD_RUNPATH_SEARCH_PATHS = "$(inherited) @executable_path/Frameworks @loader_path/Frameworks";
				PRODUCT_BUNDLE_IDENTIFIER = "com.dreim.hackBU-RideshareTests";
				PRODUCT_NAME = "$(TARGET_NAME)";
				SWIFT_VERSION = 4.0;
				TARGETED_DEVICE_FAMILY = "1,2";
				TEST_HOST = "$(BUILT_PRODUCTS_DIR)/hackBU-Rideshare.app/hackBU-Rideshare";
			};
			name = Release;
		};
		B53138FC220F5E5C00D0ADF8 /* Debug */ = {
			isa = XCBuildConfiguration;
			buildSettings = {
				ALWAYS_EMBED_SWIFT_STANDARD_LIBRARIES = YES;
				CODE_SIGN_STYLE = Automatic;
				DEVELOPMENT_TEAM = 6F6K8B7R5J;
				INFOPLIST_FILE = "hackBU-RideshareUITests/Info.plist";
				LD_RUNPATH_SEARCH_PATHS = "$(inherited) @executable_path/Frameworks @loader_path/Frameworks";
				PRODUCT_BUNDLE_IDENTIFIER = "com.dreim.hackBU-RideshareUITests";
				PRODUCT_NAME = "$(TARGET_NAME)";
				SWIFT_VERSION = 4.0;
				TARGETED_DEVICE_FAMILY = "1,2";
				TEST_TARGET_NAME = "hackBU-Rideshare";
			};
			name = Debug;
		};
		B53138FD220F5E5C00D0ADF8 /* Release */ = {
			isa = XCBuildConfiguration;
			buildSettings = {
				ALWAYS_EMBED_SWIFT_STANDARD_LIBRARIES = YES;
				CODE_SIGN_STYLE = Automatic;
				DEVELOPMENT_TEAM = 6F6K8B7R5J;
				INFOPLIST_FILE = "hackBU-RideshareUITests/Info.plist";
				LD_RUNPATH_SEARCH_PATHS = "$(inherited) @executable_path/Frameworks @loader_path/Frameworks";
				PRODUCT_BUNDLE_IDENTIFIER = "com.dreim.hackBU-RideshareUITests";
				PRODUCT_NAME = "$(TARGET_NAME)";
				SWIFT_VERSION = 4.0;
				TARGETED_DEVICE_FAMILY = "1,2";
				TEST_TARGET_NAME = "hackBU-Rideshare";
			};
			name = Release;
		};
/* End XCBuildConfiguration section */

/* Begin XCConfigurationList section */
		B53138C5220F5E5C00D0ADF8 /* Build configuration list for PBXProject "hackBU-Rideshare" */ = {
			isa = XCConfigurationList;
			buildConfigurations = (
				B53138F3220F5E5C00D0ADF8 /* Debug */,
				B53138F4220F5E5C00D0ADF8 /* Release */,
			);
			defaultConfigurationIsVisible = 0;
			defaultConfigurationName = Release;
		};
		B53138F5220F5E5C00D0ADF8 /* Build configuration list for PBXNativeTarget "hackBU-Rideshare" */ = {
			isa = XCConfigurationList;
			buildConfigurations = (
				B53138F6220F5E5C00D0ADF8 /* Debug */,
				B53138F7220F5E5C00D0ADF8 /* Release */,
			);
			defaultConfigurationIsVisible = 0;
			defaultConfigurationName = Release;
		};
		B53138F8220F5E5C00D0ADF8 /* Build configuration list for PBXNativeTarget "hackBU-RideshareTests" */ = {
			isa = XCConfigurationList;
			buildConfigurations = (
				B53138F9220F5E5C00D0ADF8 /* Debug */,
				B53138FA220F5E5C00D0ADF8 /* Release */,
			);
			defaultConfigurationIsVisible = 0;
			defaultConfigurationName = Release;
		};
		B53138FB220F5E5C00D0ADF8 /* Build configuration list for PBXNativeTarget "hackBU-RideshareUITests" */ = {
			isa = XCConfigurationList;
			buildConfigurations = (
				B53138FC220F5E5C00D0ADF8 /* Debug */,
				B53138FD220F5E5C00D0ADF8 /* Release */,
			);
			defaultConfigurationIsVisible = 0;
			defaultConfigurationName = Release;
		};
/* End XCConfigurationList section */

/* Begin XCVersionGroup section */
		B53138D4220F5E5C00D0ADF8 /* hackBU_Rideshare.xcdatamodeld */ = {
			isa = XCVersionGroup;
			children = (
				B53138D5220F5E5C00D0ADF8 /* hackBU_Rideshare.xcdatamodel */,
			);
			currentVersion = B53138D5220F5E5C00D0ADF8 /* hackBU_Rideshare.xcdatamodel */;
			path = hackBU_Rideshare.xcdatamodeld;
			sourceTree = "<group>";
			versionGroupType = wrapper.xcdatamodel;
		};
/* End XCVersionGroup section */
	};
	rootObject = B53138C2220F5E5C00D0ADF8 /* Project object */;
}
