// !$*UTF8*$!
{
	archiveVersion = 1;
	classes = {
	};
	objectVersion = 48;
	objects = {

/* Begin PBXBuildFile section */
		B53138CE220F5E5C00D0ADF8 /* AppDelegate.swift in Sources */ = {isa = PBXBuildFile; fileRef = B53138CD220F5E5C00D0ADF8 /* AppDelegate.swift */; };
		B53138D0220F5E5C00D0ADF8 /* ViewController.swift in Sources */ = {isa = PBXBuildFile; fileRef = B53138CF220F5E5C00D0ADF8 /* ViewController.swift */; };
		B53138D3220F5E5C00D0ADF8 /* Main.storyboard in Resources */ = {isa = PBXBuildFile; fileRef = B53138D1220F5E5C00D0ADF8 /* Main.storyboard */; };
		B53138D6220F5E5C00D0ADF8 /* hackBU_Rideshare.xcdatamodeld in Sources */ = {isa = PBXBuildFile; fileRef = B53138D4220F5E5C00D0ADF8 /* hackBU_Rideshare.xcdatamodeld */; };
		B53138D8220F5E5C00D0ADF8 /* Assets.xcassets in Resources */ = {isa = PBXBuildFile; fileRef = B53138D7220F5E5C00D0ADF8 /* Assets.xcassets */; };
		B53138DB220F5E5C00D0ADF8 /* LaunchScreen.storyboard in Resources */ = {isa = PBXBuildFile; fileRef = B53138D9220F5E5C00D0ADF8 /* LaunchScreen.storyboard */; };
		B53138E6220F5E5C00D0ADF8 /* hackBU_RideshareTests.swift in Sources */ = {isa = PBXBuildFile; fileRef = B53138E5220F5E5C00D0ADF8 /* hackBU_RideshareTests.swift */; };
		B53138F1220F5E5C00D0ADF8 /* hackBU_RideshareUITests.swift in Sources */ = {isa = PBXBuildFile; fileRef = B53138F0220F5E5C00D0ADF8 /* hackBU_RideshareUITests.swift */; };
/* End PBXBuildFile section */

/* Begin PBXContainerItemProxy section */
		B53138E2220F5E5C00D0ADF8 /* PBXContainerItemProxy */ = {
			isa = PBXContainerItemProxy;
			containerPortal = B53138C2220F5E5C00D0ADF8 /* Project object */;
			proxyType = 1;
			remoteGlobalIDString = B53138C9220F5E5C00D0ADF8;
			remoteInfo = "hackBU-Rideshare";
		};
		B53138ED220F5E5C00D0ADF8 /* PBXContainerItemProxy */ = {
			isa = PBXContainerItemProxy;
			containerPortal = B53138C2220F5E5C00D0ADF8 /* Project object */;
			proxyType = 1;
			remoteGlobalIDString = B53138C9220F5E5C00D0ADF8;
			remoteInfo = "hackBU-Rideshare";
		};
/* End PBXContainerItemProxy section */

/* Begin PBXFileReference section */
		B53138CA220F5E5C00D0ADF8 /* hackBU-Rideshare.app */ = {isa = PBXFileReference; explicitFileType = wrapper.application; includeInIndex = 0; path = "hackBU-Rideshare.app"; sourceTree = BUILT_PRODUCTS_DIR; };
		B53138CD220F5E5C00D0ADF8 /* AppDelegate.swift */ = {isa = PBXFileReference; lastKnownFileType = sourcecode.swift; path = AppDelegate.swift; sourceTree = "<group>"; };
		B53138CF220F5E5C00D0ADF8 /* ViewController.swift */ = {isa = PBXFileReference; lastKnownFileType = sourcecode.swift; path = ViewController.swift; sourceTree = "<group>"; };
		B53138D2220F5E5C00D0ADF8 /* Base */ = {isa = PBXFileReference; lastKnownFileType = file.storyboard; name = Base; path = Base.lproj/Main.storyboard; sourceTree = "<group>"; };
		B53138D5220F5E5C00D0ADF8 /* hackBU_Rideshare.xcdatamodel */ = {isa = PBXFileReference; lastKnownFileType = wrapper.xcdatamodel; path = hackBU_Rideshare.xcdatamodel; sourceTree = "<group>"; };
		B53138D7220F5E5C00D0ADF8 /* Assets.xcassets */ = {isa = PBXFileReference; lastKnownFileType = folder.assetcatalog; path = Assets.xcassets; sourceTree = "<group>"; };
		B53138DA220F5E5C00D0ADF8 /* Base */ = {isa = PBXFileReference; lastKnownFileType = file.storyboard; name = Base; path = Base.lproj/LaunchScreen.storyboard; sourceTree = "<group>"; };
		B53138DC220F5E5C00D0ADF8 /* Info.plist */ = {isa = PBXFileReference; lastKnownFileType = text.plist.xml; path = Info.plist; sourceTree = "<group>"; };
		B53138E1220F5E5C00D0ADF8 /* hackBU-RideshareTests.xctest */ = {isa = PBXFileReference; explicitFileType = wrapper.cfbundle; includeInIndex = 0; path = "hackBU-RideshareTests.xctest"; sourceTree = BUILT_PRODUCTS_DIR; };
		B53138E5220F5E5C00D0ADF8 /* hackBU_RideshareTests.swift */ = {isa = PBXFileReference; lastKnownFileType = sourcecode.swift; path = hackBU_RideshareTests.swift; sourceTree = "<group>"; };
		B53138E7220F5E5C00D0ADF8 /* Info.plist */ = {isa = PBXFileReference; lastKnownFileType = text.plist.xml; path = Info.plist; sourceTree = "<group>"; };
		B53138EC220F5E5C00D0ADF8 /* hackBU-RideshareUITests.xctest */ = {isa = PBXFileReference; explicitFileType = wrapper.cfbundle; includeInIndex = 0; path = "hackBU-RideshareUITests.xctest"; sourceTree = BUILT_PRODUCTS_DIR; };
		B53138F0220F5E5C00D0ADF8 /* hackBU_RideshareUITests.swift */ = {isa = PBXFileReference; lastKnownFileType = sourcecode.swift; path = hackBU_RideshareUITests.swift; sourceTree = "<group>"; };
		B53138F2220F5E5C00D0ADF8 /* Info.plist */ = {isa = PBXFileReference; lastKnownFileType = text.plist.xml; path = Info.plist; sourceTree = "<group>"; };
/* End PBXFileReference section */

/* Begin PBXFrameworksBuildPhase section */
		B53138C7220F5E5C00D0ADF8 /* Frameworks */ = {
			isa = PBXFrameworksBuildPhase;
			buildActionMask = 2147483647;
			files = (
			);
			runOnlyForDeploymentPostprocessing = 0;
		};
		B53138DE220F5E5C00D0ADF8 /* Frameworks */ = {
			isa = PBXFrameworksBuildPhase;
			buildActionMask = 2147483647;
			files = (
			);
			runOnlyForDeploymentPostprocessing = 0;
		};
		B53138E9220F5E5C00D0ADF8 /* Frameworks */ = {
			isa = PBXFrameworksBuildPhase;
			buildActionMask = 2147483647;
			files = (
			);
			runOnlyForDeploymentPostprocessing = 0;
		};
/* End PBXFrameworksBuildPhase section */

/* Begin PBXGroup section */
		B53138C1220F5E5C00D0ADF8 = {
			isa = PBXGroup;
			children = (
				B53138CC220F5E5C00D0ADF8 /* hackBU-Rideshare */,
				B53138E4220F5E5C00D0ADF8 /* hackBU-RideshareTests */,
				B53138EF220F5E5C00D0ADF8 /* hackBU-RideshareUITests */,
				B53138CB220F5E5C00D0ADF8 /* Products */,
			);
			sourceTree = "<group>";
		};
		B53138CB220F5E5C00D0ADF8 /* Products */ = {
			isa = PBXGroup;
			children = (
				B53138CA220F5E5C00D0ADF8 /* hackBU-Rideshare.app */,
				B53138E1220F5E5C00D0ADF8 /* hackBU-RideshareTests.xctest */,
				B53138EC220F5E5C00D0ADF8 /* hackBU-RideshareUITests.xctest */,
			);
			name = Products;
			sourceTree = "<group>";
		};
		B53138CC220F5E5C00D0ADF8 /* hackBU-Rideshare */ = {
			isa = PBXGroup;
			children = (
				B53138CD220F5E5C00D0ADF8 /* AppDelegate.swift */,
				B53138CF220F5E5C00D0ADF8 /* ViewController.swift */,
				B53138D1220F5E5C00D0ADF8 /* Main.storyboard */,
				B53138D7220F5E5C00D0ADF8 /* Assets.xcassets */,
				B53138D9220F5E5C00D0ADF8 /* LaunchScreen.storyboard */,
				B53138DC220F5E5C00D0ADF8 /* Info.plist */,
				B53138D4220F5E5C00D0ADF8 /* hackBU_Rideshare.xcdatamodeld */,
			);
			path = "hackBU-Rideshare";
			sourceTree = "<group>";
		};
		B53138E4220F5E5C00D0ADF8 /* hackBU-RideshareTests */ = {
			isa = PBXGroup;
			children = (
				B53138E5220F5E5C00D0ADF8 /* hackBU_RideshareTests.swift */,
				B53138E7220F5E5C00D0ADF8 /* Info.plist */,
			);
			path = "hackBU-RideshareTests";
			sourceTree = "<group>";
		};
		B53138EF220F5E5C00D0ADF8 /* hackBU-RideshareUITests */ = {
			isa = PBXGroup;
			children = (
				B53138F0220F5E5C00D0ADF8 /* hackBU_RideshareUITests.swift */,
				B53138F2220F5E5C00D0ADF8 /* Info.plist */,
			);
			path = "hackBU-RideshareUITests";
			sourceTree = "<group>";
		};
/* End PBXGroup section */

/* Begin PBXNativeTarget section */
		B53138C9220F5E5C00D0ADF8 /* hackBU-Rideshare */ = {
			isa = PBXNativeTarget;
			buildConfigurationList = B53138F5220F5E5C00D0ADF8 /* Build configuration list for PBXNativeTarget "hackBU-Rideshare" */;
			buildPhases = (
				B53138C6220F5E5C00D0ADF8 /* Sources */,
				B53138C7220F5E5C00D0ADF8 /* Frameworks */,
				B53138C8220F5E5C00D0ADF8 /* Resources */,
			);
			buildRules = (
			);
			dependencies = (
			);
			name = "hackBU-Rideshare";
			productName = "hackBU-Rideshare";
			productReference = B53138CA220F5E5C00D0ADF8 /* hackBU-Rideshare.app */;
			productType = "com.apple.product-type.application";
		};
		B53138E0220F5E5C00D0ADF8 /* hackBU-RideshareTests */ = {
			isa = PBXNativeTarget;
			buildConfigurationList = B53138F8220F5E5C00D0ADF8 /* Build configuration list for PBXNativeTarget "hackBU-RideshareTests" */;
			buildPhases = (
				B53138DD220F5E5C00D0ADF8 /* Sources */,
				B53138DE220F5E5C00D0ADF8 /* Frameworks */,
				B53138DF220F5E5C00D0ADF8 /* Resources */,
			);
			buildRules = (
			);
			dependencies = (
				B53138E3220F5E5C00D0ADF8 /* PBXTargetDependency */,
			);
			name = "hackBU-RideshareTests";
			productName = "hackBU-RideshareTests";
			productReference = B53138E1220F5E5C00D0ADF8 /* hackBU-RideshareTests.xctest */;
			productType = "com.apple.product-type.bundle.unit-test";
		};
		B53138EB220F5E5C00D0ADF8 /* hackBU-RideshareUITests */ = {
			isa = PBXNativeTarget;
			buildConfigurationList = B53138FB220F5E5C00D0ADF8 /* Build configuration list for PBXNativeTarget "hackBU-RideshareUITests" */;
			buildPhases = (
				B53138E8220F5E5C00D0ADF8 /* Sources */,
				B53138E9220F5E5C00D0ADF8 /* Frameworks */,
				B53138EA220F5E5C00D0ADF8 /* Resources */,
			);
			buildRules = (
			);
			dependencies = (
				B53138EE220F5E5C00D0ADF8 /* PBXTargetDependency */,
			);
			name = "hackBU-RideshareUITests";
			productName = "hackBU-RideshareUITests";
			productReference = B53138EC220F5E5C00D0ADF8 /* hackBU-RideshareUITests.xctest */;
			productType = "com.apple.product-type.bundle.ui-testing";
		};
/* End PBXNativeTarget section */

/* Begin PBXProject section */
		B53138C2220F5E5C00D0ADF8 /* Project object */ = {
			isa = PBXProject;
			attributes = {
				LastSwiftUpdateCheck = 0920;
				LastUpgradeCheck = 0920;
				ORGANIZATIONNAME = "Matthew Reid";
				TargetAttributes = {
					B53138C9220F5E5C00D0ADF8 = {
						CreatedOnToolsVersion = 9.2;
						ProvisioningStyle = Automatic;
					};
					B53138E0220F5E5C00D0ADF8 = {
						CreatedOnToolsVersion = 9.2;
						ProvisioningStyle = Automatic;
						TestTargetID = B53138C9220F5E5C00D0ADF8;
					};
					B53138EB220F5E5C00D0ADF8 = {
						CreatedOnToolsVersion = 9.2;
						ProvisioningStyle = Automatic;
						TestTargetID = B53138C9220F5E5C00D0ADF8;
					};
				};
			};
			buildConfigurationList = B53138C5220F5E5C00D0ADF8 /* Build configuration list for PBXProject "hackBU-Rideshare" */;
			compatibilityVersion = "Xcode 8.0";
			developmentRegion = en;
			hasScannedForEncodings = 0;
			knownRegions = (
				en,
				Base,
			);
			mainGroup = B53138C1220F5E5C00D0ADF8;
			productRefGroup = B53138CB220F5E5C00D0ADF8 /* Products */;
			projectDirPath = "";
			projectRoot = "";
			targets = (
				B53138C9220F5E5C00D0ADF8 /* hackBU-Rideshare */,
				B53138E0220F5E5C00D0ADF8 /* hackBU-RideshareTests */,
				B53138EB220F5E5C00D0ADF8 /* hackBU-RideshareUITests */,
			);
		};
/* End PBXProject section */

/* Begin PBXResourcesBuildPhase section */
		B53138C8220F5E5C00D0ADF8 /* Resources */ = {
			isa = PBXResourcesBuildPhase;
			buildActionMask = 2147483647;
			files = (
				B53138DB220F5E5C00D0ADF8 /* LaunchScreen.storyboard in Resources */,
				B53138D8220F5E5C00D0ADF8 /* Assets.xcassets in Resources */,
				B53138D3220F5E5C00D0ADF8 /* Main.storyboard in Resources */,
			);
			runOnlyForDeploymentPostprocessing = 0;
		};
		B53138DF220F5E5C00D0ADF8 /* Resources */ = {
			isa = PBXResourcesBuildPhase;
			buildActionMask = 2147483647;
			files = (
			);
			runOnlyForDeploymentPostprocessing = 0;
		};
		B53138EA220F5E5C00D0ADF8 /* Resources */ = {
			isa = PBXResourcesBuildPhase;
			buildActionMask = 2147483647;
			files = (
			);
			runOnlyForDeploymentPostprocessing = 0;
		};
/* End PBXResourcesBuildPhase section */

/* Begin PBXSourcesBuildPhase section */
		B53138C6220F5E5C00D0ADF8 /* Sources */ = {
			isa = PBXSourcesBuildPhase;
			buildActionMask = 2147483647;
			files = (
				B53138D6220F5E5C00D0ADF8 /* hackBU_Rideshare.xcdatamodeld in Sources */,
				B53138D0220F5E5C00D0ADF8 /* ViewController.swift in Sources */,
				B53138CE220F5E5C00D0ADF8 /* AppDelegate.swift in Sources */,
			);
			runOnlyForDeploymentPostprocessing = 0;
		};
		B53138DD220F5E5C00D0ADF8 /* Sources */ = {
			isa = PBXSourcesBuildPhase;
			buildActionMask = 2147483647;
			files = (
				B53138E6220F5E5C00D0ADF8 /* hackBU_RideshareTests.swift in Sources */,
			);
			runOnlyForDeploymentPostprocessing = 0;
		};
		B53138E8220F5E5C00D0ADF8 /* Sources */ = {
			isa = PBXSourcesBuildPhase;
			buildActionMask = 2147483647;
			files = (
				B53138F1220F5E5C00D0ADF8 /* hackBU_RideshareUITests.swift in Sources */,
			);
			runOnlyForDeploymentPostprocessing = 0;
		};
/* End PBXSourcesBuildPhase section */

/* Begin PBXTargetDependency section */
		B53138E3220F5E5C00D0ADF8 /* PBXTargetDependency */ = {
			isa = PBXTargetDependency;
			target = B53138C9220F5E5C00D0ADF8 /* hackBU-Rideshare */;
			targetProxy = B53138E2220F5E5C00D0ADF8 /* PBXContainerItemProxy */;
		};
		B53138EE220F5E5C00D0ADF8 /* PBXTargetDependency */ = {
			isa = PBXTargetDependency;
			target = B53138C9220F5E5C00D0ADF8 /* hackBU-Rideshare */;
			targetProxy = B53138ED220F5E5C00D0ADF8 /* PBXContainerItemProxy */;
		};
/* End PBXTargetDependency section */

/* Begin PBXVariantGroup section */
		B53138D1220F5E5C00D0ADF8 /* Main.storyboard */ = {
			isa = PBXVariantGroup;
			children = (
				B53138D2220F5E5C00D0ADF8 /* Base */,
			);
			name = Main.storyboard;
			sourceTree = "<group>";
		};
		B53138D9220F5E5C00D0ADF8 /* LaunchScreen.storyboard */ = {
			isa = PBXVariantGroup;
			children = (
				B53138DA220F5E5C00D0ADF8 /* Base */,
			);
			name = LaunchScreen.storyboard;
			sourceTree = "<group>";
		};
/* End PBXVariantGroup section */

/* Begin XCBuildConfiguration section */
		B53138F3220F5E5C00D0ADF8 /* Debug */ = {
			isa = XCBuildConfiguration;
			buildSettings = {
				ALWAYS_SEARCH_USER_PATHS = NO;
				CLANG_ANALYZER_NONNULL = YES;
				CLANG_ANALYZER_NUMBER_OBJECT_CONVERSION = YES_AGGRESSIVE;
				CLANG_CXX_LANGUAGE_STANDARD = "gnu++14";
				CLANG_CXX_LIBRARY = "libc++";
				CLANG_ENABLE_MODULES = YES;
				CLANG_ENABLE_OBJC_ARC = YES;
				CLANG_WARN_BLOCK_CAPTURE_AUTORELEASING = YES;
				CLANG_WARN_BOOL_CONVERSION = YES;
				CLANG_WARN_COMMA = YES;
				CLANG_WARN_CONSTANT_CONVERSION = YES;
				CLANG_WARN_DIRECT_OBJC_ISA_USAGE = YES_ERROR;
				CLANG_WARN_DOCUMENTATION_COMMENTS = YES;
				CLANG_WARN_EMPTY_BODY = YES;
				CLANG_WARN_ENUM_CONVERSION = YES;
				CLANG_WARN_INFINITE_RECURSION = YES;
				CLANG_WARN_INT_CONVERSION = YES;
				CLANG_WARN_NON_LITERAL_NULL_CONVERSION = YES;
				CLANG_WARN_OBJC_LITERAL_CONVERSION = YES;
				CLANG_WARN_OBJC_ROOT_CLASS = YES_ERROR;
				CLANG_WARN_RANGE_LOOP_ANALYSIS = YES;
				CLANG_WARN_STRICT_PROTOTYPES = YES;
				CLANG_WARN_SUSPICIOUS_MOVE = YES;
				CLANG_WARN_UNGUARDED_AVAILABILITY = YES_AGGRESSIVE;
				CLANG_WARN_UNREACHABLE_CODE = YES;
				CLANG_WARN__DUPLICATE_METHOD_MATCH = YES;
				CODE_SIGN_IDENTITY = "iPhone Developer";
				COPY_PHASE_STRIP = NO;
				DEBUG_INFORMATION_FORMAT = dwarf;
				ENABLE_STRICT_OBJC_MSGSEND = YES;
				ENABLE_TESTABILITY = YES;
				GCC_C_LANGUAGE_STANDARD = gnu11;
				GCC_DYNAMIC_NO_PIC = NO;
				GCC_NO_COMMON_BLOCKS = YES;
				GCC_OPTIMIZATION_LEVEL = 0;
				GCC_PREPROCESSOR_DEFINITIONS = (
					"DEBUG=1",
					"$(inherited)",
				);
				GCC_WARN_64_TO_32_BIT_CONVERSION = YES;
				GCC_WARN_ABOUT_RETURN_TYPE = YES_ERROR;
				GCC_WARN_UNDECLARED_SELECTOR = YES;
				GCC_WARN_UNINITIALIZED_AUTOS = YES_AGGRESSIVE;
				GCC_WARN_UNUSED_FUNCTION = YES;
				GCC_WARN_UNUSED_VARIABLE = YES;
				IPHONEOS_DEPLOYMENT_TARGET = 11.2;
				MTL_ENABLE_DEBUG_INFO = YES;
				ONLY_ACTIVE_ARCH = YES;
				SDKROOT = iphoneos;
				SWIFT_ACTIVE_COMPILATION_CONDITIONS = DEBUG;
				SWIFT_OPTIMIZATION_LEVEL = "-Onone";
			};
			name = Debug;
		};
		B53138F4220F5E5C00D0ADF8 /* Release */ = {
			isa = XCBuildConfiguration;
			buildSettings = {
				ALWAYS_SEARCH_USER_PATHS = NO;
				CLANG_ANALYZER_NONNULL = YES;
				CLANG_ANALYZER_NUMBER_OBJECT_CONVERSION = YES_AGGRESSIVE;
				CLANG_CXX_LANGUAGE_STANDARD = "gnu++14";
				CLANG_CXX_LIBRARY = "libc++";
				CLANG_ENABLE_MODULES = YES;
				CLANG_ENABLE_OBJC_ARC = YES;
				CLANG_WARN_BLOCK_CAPTURE_AUTORELEASING = YES;
				CLANG_WARN_BOOL_CONVERSION = YES;
				CLANG_WARN_COMMA = YES;
				CLANG_WARN_CONSTANT_CONVERSION = YES;
				CLANG_WARN_DIRECT_OBJC_ISA_USAGE = YES_ERROR;
				CLANG_WARN_DOCUMENTATION_COMMENTS = YES;
				CLANG_WARN_EMPTY_BODY = YES;
				CLANG_WARN_ENUM_CONVERSION = YES;
				CLANG_WARN_INFINITE_RECURSION = YES;
				CLANG_WARN_INT_CONVERSION = YES;
				CLANG_WARN_NON_LITERAL_NULL_CONVERSION = YES;
				CLANG_WARN_OBJC_LITERAL_CONVERSION = YES;
				CLANG_WARN_OBJC_ROOT_CLASS = YES_ERROR;
				CLANG_WARN_RANGE_LOOP_ANALYSIS = YES;
				CLANG_WARN_STRICT_PROTOTYPES = YES;
				CLANG_WARN_SUSPICIOUS_MOVE = YES;
				CLANG_WARN_UNGUARDED_AVAILABILITY = YES_AGGRESSIVE;
				CLANG_WARN_UNREACHABLE_CODE = YES;
				CLANG_WARN__DUPLICATE_METHOD_MATCH = YES;
				CODE_SIGN_IDENTITY = "iPhone Developer";
				COPY_PHASE_STRIP = NO;
				DEBUG_INFORMATION_FORMAT = "dwarf-with-dsym";
				ENABLE_NS_ASSERTIONS = NO;
				ENABLE_STRICT_OBJC_MSGSEND = YES;
				GCC_C_LANGUAGE_STANDARD = gnu11;
				GCC_NO_COMMON_BLOCKS = YES;
				GCC_WARN_64_TO_32_BIT_CONVERSION = YES;
				GCC_WARN_ABOUT_RETURN_TYPE = YES_ERROR;
				GCC_WARN_UNDECLARED_SELECTOR = YES;
				GCC_WARN_UNINITIALIZED_AUTOS = YES_AGGRESSIVE;
				GCC_WARN_UNUSED_FUNCTION = YES;
				GCC_WARN_UNUSED_VARIABLE = YES;
				IPHONEOS_DEPLOYMENT_TARGET = 11.2;
				MTL_ENABLE_DEBUG_INFO = NO;
				SDKROOT = iphoneos;
				SWIFT_OPTIMIZATION_LEVEL = "-Owholemodule";
				VALIDATE_PRODUCT = YES;
			};
			name = Release;
		};
		B53138F6220F5E5C00D0ADF8 /* Debug */ = {
			isa = XCBuildConfiguration;
			buildSettings = {
				ASSETCATALOG_COMPILER_APPICON_NAME = AppIcon;
				CODE_SIGN_STYLE = Automatic;
				DEVELOPMENT_TEAM = 6F6K8B7R5J;
				INFOPLIST_FILE = "hackBU-Rideshare/Info.plist";
				LD_RUNPATH_SEARCH_PATHS = "$(inherited) @executable_path/Frameworks";
				PRODUCT_BUNDLE_IDENTIFIER = "com.dreim.hackBU-Rideshare";
				PRODUCT_NAME = "$(TARGET_NAME)";
				SWIFT_VERSION = 4.0;
				TARGETED_DEVICE_FAMILY = "1,2";
			};
			name = Debug;
		};
		B53138F7220F5E5C00D0ADF8 /* Release */ = {
			isa = XCBuildConfiguration;
			buildSettings = {
				ASSETCATALOG_COMPILER_APPICON_NAME = AppIcon;
				CODE_SIGN_STYLE = Automatic;
				DEVELOPMENT_TEAM = 6F6K8B7R5J;
				INFOPLIST_FILE = "hackBU-Rideshare/Info.plist";
				LD_RUNPATH_SEARCH_PATHS = "$(inherited) @executable_path/Frameworks";
				PRODUCT_BUNDLE_IDENTIFIER = "com.dreim.hackBU-Rideshare";
				PRODUCT_NAME = "$(TARGET_NAME)";
				SWIFT_VERSION = 4.0;
				TARGETED_DEVICE_FAMILY = "1,2";
			};
			name = Release;
		};
		B53138F9220F5E5C00D0ADF8 /* Debug */ = {
			isa = XCBuildConfiguration;
			buildSettings = {
				ALWAYS_EMBED_SWIFT_STANDARD_LIBRARIES = YES;
				BUNDLE_LOADER = "$(TEST_HOST)";
				CODE_SIGN_STYLE = Automatic;
				DEVELOPMENT_TEAM = 6F6K8B7R5J;
				INFOPLIST_FILE = "hackBU-RideshareTests/Info.plist";
				LD_RUNPATH_SEARCH_PATHS = "$(inherited) @executable_path/Frameworks @loader_path/Frameworks";
				PRODUCT_BUNDLE_IDENTIFIER = "com.dreim.hackBU-RideshareTests";
				PRODUCT_NAME = "$(TARGET_NAME)";
				SWIFT_VERSION = 4.0;
				TARGETED_DEVICE_FAMILY = "1,2";
				TEST_HOST = "$(BUILT_PRODUCTS_DIR)/hackBU-Rideshare.app/hackBU-Rideshare";
			};
			name = Debug;
		};
		B53138FA220F5E5C00D0ADF8 /* Release */ = {
			isa = XCBuildConfiguration;
			buildSettings = {
				ALWAYS_EMBED_SWIFT_STANDARD_LIBRARIES = YES;
				BUNDLE_LOADER = "$(TEST_HOST)";
				CODE_SIGN_STYLE = Automatic;
				DEVELOPMENT_TEAM = 6F6K8B7R5J;
				INFOPLIST_FILE = "hackBU-RideshareTests/Info.plist";
				LD_RUNPATH_SEARCH_PATHS = "$(inherited) @executable_path/Frameworks @loader_path/Frameworks";
				PRODUCT_BUNDLE_IDENTIFIER = "com.dreim.hackBU-RideshareTests";
				PRODUCT_NAME = "$(TARGET_NAME)";
				SWIFT_VERSION = 4.0;
				TARGETED_DEVICE_FAMILY = "1,2";
				TEST_HOST = "$(BUILT_PRODUCTS_DIR)/hackBU-Rideshare.app/hackBU-Rideshare";
			};
			name = Release;
		};
		B53138FC220F5E5C00D0ADF8 /* Debug */ = {
			isa = XCBuildConfiguration;
			buildSettings = {
				ALWAYS_EMBED_SWIFT_STANDARD_LIBRARIES = YES;
				CODE_SIGN_STYLE = Automatic;
				DEVELOPMENT_TEAM = 6F6K8B7R5J;
				INFOPLIST_FILE = "hackBU-RideshareUITests/Info.plist";
				LD_RUNPATH_SEARCH_PATHS = "$(inherited) @executable_path/Frameworks @loader_path/Frameworks";
				PRODUCT_BUNDLE_IDENTIFIER = "com.dreim.hackBU-RideshareUITests";
				PRODUCT_NAME = "$(TARGET_NAME)";
				SWIFT_VERSION = 4.0;
				TARGETED_DEVICE_FAMILY = "1,2";
				TEST_TARGET_NAME = "hackBU-Rideshare";
			};
			name = Debug;
		};
		B53138FD220F5E5C00D0ADF8 /* Release */ = {
			isa = XCBuildConfiguration;
			buildSettings = {
				ALWAYS_EMBED_SWIFT_STANDARD_LIBRARIES = YES;
				CODE_SIGN_STYLE = Automatic;
				DEVELOPMENT_TEAM = 6F6K8B7R5J;
				INFOPLIST_FILE = "hackBU-RideshareUITests/Info.plist";
				LD_RUNPATH_SEARCH_PATHS = "$(inherited) @executable_path/Frameworks @loader_path/Frameworks";
				PRODUCT_BUNDLE_IDENTIFIER = "com.dreim.hackBU-RideshareUITests";
				PRODUCT_NAME = "$(TARGET_NAME)";
				SWIFT_VERSION = 4.0;
				TARGETED_DEVICE_FAMILY = "1,2";
				TEST_TARGET_NAME = "hackBU-Rideshare";
			};
			name = Release;
		};
/* End XCBuildConfiguration section */

/* Begin XCConfigurationList section */
		B53138C5220F5E5C00D0ADF8 /* Build configuration list for PBXProject "hackBU-Rideshare" */ = {
			isa = XCConfigurationList;
			buildConfigurations = (
				B53138F3220F5E5C00D0ADF8 /* Debug */,
				B53138F4220F5E5C00D0ADF8 /* Release */,
			);
			defaultConfigurationIsVisible = 0;
			defaultConfigurationName = Release;
		};
		B53138F5220F5E5C00D0ADF8 /* Build configuration list for PBXNativeTarget "hackBU-Rideshare" */ = {
			isa = XCConfigurationList;
			buildConfigurations = (
				B53138F6220F5E5C00D0ADF8 /* Debug */,
				B53138F7220F5E5C00D0ADF8 /* Release */,
			);
			defaultConfigurationIsVisible = 0;
			defaultConfigurationName = Release;
		};
		B53138F8220F5E5C00D0ADF8 /* Build configuration list for PBXNativeTarget "hackBU-RideshareTests" */ = {
			isa = XCConfigurationList;
			buildConfigurations = (
				B53138F9220F5E5C00D0ADF8 /* Debug */,
				B53138FA220F5E5C00D0ADF8 /* Release */,
			);
			defaultConfigurationIsVisible = 0;
			defaultConfigurationName = Release;
		};
		B53138FB220F5E5C00D0ADF8 /* Build configuration list for PBXNativeTarget "hackBU-RideshareUITests" */ = {
			isa = XCConfigurationList;
			buildConfigurations = (
				B53138FC220F5E5C00D0ADF8 /* Debug */,
				B53138FD220F5E5C00D0ADF8 /* Release */,
			);
			defaultConfigurationIsVisible = 0;
			defaultConfigurationName = Release;
		};
/* End XCConfigurationList section */

/* Begin XCVersionGroup section */
		B53138D4220F5E5C00D0ADF8 /* hackBU_Rideshare.xcdatamodeld */ = {
			isa = XCVersionGroup;
			children = (
				B53138D5220F5E5C00D0ADF8 /* hackBU_Rideshare.xcdatamodel */,
			);
			currentVersion = B53138D5220F5E5C00D0ADF8 /* hackBU_Rideshare.xcdatamodel */;
			path = hackBU_Rideshare.xcdatamodeld;
			sourceTree = "<group>";
			versionGroupType = wrapper.xcdatamodel;
		};
/* End XCVersionGroup section */
	};
	rootObject = B53138C2220F5E5C00D0ADF8 /* Project object */;
}
